
Microsoft Visual Studio Solution File, Format Version 12.00
# Visual Studio 15
VisualStudioVersion = 15.0.28307.572
MinimumVisualStudioVersion = 10.0.40219.1
Project("{FAE04EC0-301F-11D3-BF4B-00C04F79EFBC}") = "UWP_BLE_CLIENT", "App1\UWP_BLE_CLIENT.csproj", "{00AB2F8A-A64A-476E-93E5-A48C3E8F80A3}"
EndProject
Global
	GlobalSection(SolutionConfigurationPlatforms) = preSolution
		Debug|ARM = Debug|ARM
		Debug|ARM64 = Debug|ARM64
		Debug|x64 = Debug|x64
		Debug|x86 = Debug|x86
		Release|ARM = Release|ARM
		Release|ARM64 = Release|ARM64
		Release|x64 = Release|x64
		Release|x86 = Release|x86
	EndGlobalSection
	GlobalSection(ProjectConfigurationPlatforms) = postSolution
		{00AB2F8A-A64A-476E-93E5-A48C3E8F80A3}.Debug|ARM.ActiveCfg = Debug|ARM
		{00AB2F8A-A64A-476E-93E5-A48C3E8F80A3}.Debug|ARM.Build.0 = Debug|ARM
		{00AB2F8A-A64A-476E-93E5-A48C3E8F80A3}.Debug|ARM.Deploy.0 = Debug|ARM
		{00AB2F8A-A64A-476E-93E5-A48C3E8F80A3}.Debug|ARM64.ActiveCfg = Debug|ARM64
		{00AB2F8A-A64A-476E-93E5-A48C3E8F80A3}.Debug|ARM64.Build.0 = Debug|ARM64
		{00AB2F8A-A64A-476E-93E5-A48C3E8F80A3}.Debug|ARM64.Deploy.0 = Debug|ARM64
		{00AB2F8A-A64A-476E-93E5-A48C3E8F80A3}.Debug|x64.ActiveCfg = Debug|x64
		{00AB2F8A-A64A-476E-93E5-A48C3E8F80A3}.Debug|x64.Build.0 = Debug|x64
		{00AB2F8A-A64A-476E-93E5-A48C3E8F80A3}.Debug|x64.Deploy.0 = Debug|x64
		{00AB2F8A-A64A-476E-93E5-A48C3E8F80A3}.Debug|x86.ActiveCfg = Debug|x86
		{00AB2F8A-A64A-476E-93E5-A48C3E8F80A3}.Debug|x86.Build.0 = Debug|x86
		{00AB2F8A-A64A-476E-93E5-A48C3E8F80A3}.Debug|x86.Deploy.0 = Debug|x86
		{00AB2F8A-A64A-476E-93E5-A48C3E8F80A3}.Release|ARM.ActiveCfg = Release|ARM
		{00AB2F8A-A64A-476E-93E5-A48C3E8F80A3}.Release|ARM.Build.0 = Release|ARM
		{00AB2F8A-A64A-476E-93E5-A48C3E8F80A3}.Release|ARM.Deploy.0 = Release|ARM
		{00AB2F8A-A64A-476E-93E5-A48C3E8F80A3}.Release|ARM64.ActiveCfg = Release|ARM64
		{00AB2F8A-A64A-476E-93E5-A48C3E8F80A3}.Release|ARM64.Build.0 = Release|ARM64
		{00AB2F8A-A64A-476E-93E5-A48C3E8F80A3}.Release|ARM64.Deploy.0 = Release|ARM64
		{00AB2F8A-A64A-476E-93E5-A48C3E8F80A3}.Release|x64.ActiveCfg = Release|x64
		{00AB2F8A-A64A-476E-93E5-A48C3E8F80A3}.Release|x64.Build.0 = Release|x64
		{00AB2F8A-A64A-476E-93E5-A48C3E8F80A3}.Release|x64.Deploy.0 = Release|x64
		{00AB2F8A-A64A-476E-93E5-A48C3E8F80A3}.Release|x86.ActiveCfg = Release|x86
		{00AB2F8A-A64A-476E-93E5-A48C3E8F80A3}.Release|x86.Build.0 = Release|x86
		{00AB2F8A-A64A-476E-93E5-A48C3E8F80A3}.Release|x86.Deploy.0 = Release|x86
	EndGlobalSection
	GlobalSection(SolutionProperties) = preSolution
		HideSolutionNode = FALSE
	EndGlobalSection
	GlobalSection(ExtensibilityGlobals) = postSolution
		SolutionGuid = {E70FB23A-3890-49F2-AA26-8BE12CF2D752}
	EndGlobalSection
EndGlobal
