
Microsoft Visual Studio Solution File, Format Version 12.00
# Visual Studio 15
VisualStudioVersion = 15.0.28307.572
MinimumVisualStudioVersion = 10.0.40219.1
Project("{888888A0-9F3D-457C-B088-3A5042F75D52}") = "VS_PY_BLE_BTH_MULTITHREAD", "VS_PY_BLE_BTH_MULTITHREAD\VS_PY_BLE_BTH_MULTITHREAD.pyproj", "{913AE380-ACF9-40A4-B0CA-6A1F580AC488}"
EndProject
Global
	GlobalSection(SolutionConfigurationPlatforms) = preSolution
		Debug|Any CPU = Debug|Any CPU
		Release|Any CPU = Release|Any CPU
	EndGlobalSection
	GlobalSection(ProjectConfigurationPlatforms) = postSolution
		{913AE380-ACF9-40A4-B0CA-6A1F580AC488}.Debug|Any CPU.ActiveCfg = Debug|Any CPU
		{913AE380-ACF9-40A4-B0CA-6A1F580AC488}.Release|Any CPU.ActiveCfg = Release|Any CPU
	EndGlobalSection
	GlobalSection(SolutionProperties) = preSolution
		HideSolutionNode = FALSE
	EndGlobalSection
	GlobalSection(ExtensibilityGlobals) = postSolution
		SolutionGuid = {BFC269B3-4C1A-45C6-92D5-2B9712B3EB2B}
	EndGlobalSection
EndGlobal
